// !$*UTF8*$!
{
	archiveVersion = 1;
	classes = {
	};
	objectVersion = 48;
	objects = {

/* Begin PBXBuildFile section */
		2951D48721517BD00060FBF9 /* ApiManger.swift in Sources */ = {isa = PBXBuildFile; fileRef = 2951D48621517BCF0060FBF9 /* ApiManger.swift */; };
		2951D48C21517D1D0060FBF9 /* Models.swift in Sources */ = {isa = PBXBuildFile; fileRef = 2951D48B21517D1D0060FBF9 /* Models.swift */; };
		29DDD2D021515A3500B44564 /* CalloutView.xib in Resources */ = {isa = PBXBuildFile; fileRef = 29DDD2CE21515A3500B44564 /* CalloutView.xib */; };
		29DDD2D121515A3500B44564 /* CalloutView.swift in Sources */ = {isa = PBXBuildFile; fileRef = 29DDD2CF21515A3500B44564 /* CalloutView.swift */; };
		29F263ED215019850012EFEF /* AppDelegate.swift in Sources */ = {isa = PBXBuildFile; fileRef = 29F263EC215019850012EFEF /* AppDelegate.swift */; };
		29F263EF215019850012EFEF /* MapViewController.swift in Sources */ = {isa = PBXBuildFile; fileRef = 29F263EE215019850012EFEF /* MapViewController.swift */; };
		29F263F2215019850012EFEF /* Main.storyboard in Resources */ = {isa = PBXBuildFile; fileRef = 29F263F0215019850012EFEF /* Main.storyboard */; };
		29F263F4215019850012EFEF /* Assets.xcassets in Resources */ = {isa = PBXBuildFile; fileRef = 29F263F3215019850012EFEF /* Assets.xcassets */; };
		29F263F7215019850012EFEF /* LaunchScreen.storyboard in Resources */ = {isa = PBXBuildFile; fileRef = 29F263F5215019850012EFEF /* LaunchScreen.storyboard */; };
		29F26409215027100012EFEF /* ViewModel.swift in Sources */ = {isa = PBXBuildFile; fileRef = 29F26408215027100012EFEF /* ViewModel.swift */; };
		6B92A697A9D66112CA3ABCA3 /* Pods_MyTwitterApp.framework in Frameworks */ = {isa = PBXBuildFile; fileRef = 8B05D51A43DFC94FF59751BF /* Pods_MyTwitterApp.framework */; };
		6E8C54E12153B15900AF8C47 /* AnnotationViews.swift in Sources */ = {isa = PBXBuildFile; fileRef = 6E8C54E02153B15900AF8C47 /* AnnotationViews.swift */; };
/* End PBXBuildFile section */

/* Begin PBXFileReference section */
		2951D48621517BCF0060FBF9 /* ApiManger.swift */ = {isa = PBXFileReference; fileEncoding = 4; lastKnownFileType = sourcecode.swift; path = ApiManger.swift; sourceTree = "<group>"; };
		2951D48B21517D1D0060FBF9 /* Models.swift */ = {isa = PBXFileReference; fileEncoding = 4; lastKnownFileType = sourcecode.swift; path = Models.swift; sourceTree = "<group>"; };
		29DDD2CE21515A3500B44564 /* CalloutView.xib */ = {isa = PBXFileReference; fileEncoding = 4; lastKnownFileType = file.xib; path = CalloutView.xib; sourceTree = "<group>"; };
		29DDD2CF21515A3500B44564 /* CalloutView.swift */ = {isa = PBXFileReference; fileEncoding = 4; lastKnownFileType = sourcecode.swift; path = CalloutView.swift; sourceTree = "<group>"; };
		29F263E9215019850012EFEF /* MyTwitterApp.app */ = {isa = PBXFileReference; explicitFileType = wrapper.application; includeInIndex = 0; path = MyTwitterApp.app; sourceTree = BUILT_PRODUCTS_DIR; };
		29F263EC215019850012EFEF /* AppDelegate.swift */ = {isa = PBXFileReference; lastKnownFileType = sourcecode.swift; path = AppDelegate.swift; sourceTree = "<group>"; };
		29F263EE215019850012EFEF /* MapViewController.swift */ = {isa = PBXFileReference; lastKnownFileType = sourcecode.swift; path = MapViewController.swift; sourceTree = "<group>"; };
		29F263F1215019850012EFEF /* Base */ = {isa = PBXFileReference; lastKnownFileType = file.storyboard; name = Base; path = Base.lproj/Main.storyboard; sourceTree = "<group>"; };
		29F263F3215019850012EFEF /* Assets.xcassets */ = {isa = PBXFileReference; lastKnownFileType = folder.assetcatalog; path = Assets.xcassets; sourceTree = "<group>"; };
		29F263F6215019850012EFEF /* Base */ = {isa = PBXFileReference; lastKnownFileType = file.storyboard; name = Base; path = Base.lproj/LaunchScreen.storyboard; sourceTree = "<group>"; };
		29F263F8215019850012EFEF /* Info.plist */ = {isa = PBXFileReference; lastKnownFileType = text.plist.xml; path = Info.plist; sourceTree = "<group>"; };
		29F26408215027100012EFEF /* ViewModel.swift */ = {isa = PBXFileReference; lastKnownFileType = sourcecode.swift; path = ViewModel.swift; sourceTree = "<group>"; };
		317C03C2D3966866C9AA1419 /* Pods-MyTwitterApp.debug.xcconfig */ = {isa = PBXFileReference; includeInIndex = 1; lastKnownFileType = text.xcconfig; name = "Pods-MyTwitterApp.debug.xcconfig"; path = "Pods/Target Support Files/Pods-MyTwitterApp/Pods-MyTwitterApp.debug.xcconfig"; sourceTree = "<group>"; };
		6E8C54E02153B15900AF8C47 /* AnnotationViews.swift */ = {isa = PBXFileReference; lastKnownFileType = sourcecode.swift; path = AnnotationViews.swift; sourceTree = "<group>"; };
		8B05D51A43DFC94FF59751BF /* Pods_MyTwitterApp.framework */ = {isa = PBXFileReference; explicitFileType = wrapper.framework; includeInIndex = 0; path = Pods_MyTwitterApp.framework; sourceTree = BUILT_PRODUCTS_DIR; };
		D9C6FA89BC0646BB841D293E /* Pods-MyTwitterApp.release.xcconfig */ = {isa = PBXFileReference; includeInIndex = 1; lastKnownFileType = text.xcconfig; name = "Pods-MyTwitterApp.release.xcconfig"; path = "Pods/Target Support Files/Pods-MyTwitterApp/Pods-MyTwitterApp.release.xcconfig"; sourceTree = "<group>"; };
/* End PBXFileReference section */

/* Begin PBXFrameworksBuildPhase section */
		29F263E6215019850012EFEF /* Frameworks */ = {
			isa = PBXFrameworksBuildPhase;
			buildActionMask = 2147483647;
			files = (
				6B92A697A9D66112CA3ABCA3 /* Pods_MyTwitterApp.framework in Frameworks */,
			);
			runOnlyForDeploymentPostprocessing = 0;
		};
/* End PBXFrameworksBuildPhase section */

/* Begin PBXGroup section */
		0DDBC31A6D2B70450516F273 /* Frameworks */ = {
			isa = PBXGroup;
			children = (
				8B05D51A43DFC94FF59751BF /* Pods_MyTwitterApp.framework */,
			);
			name = Frameworks;
			sourceTree = "<group>";
		};
		2951D48521517BCF0060FBF9 /* ApiManager */ = {
			isa = PBXGroup;
			children = (
				2951D48621517BCF0060FBF9 /* ApiManger.swift */,
			);
			path = ApiManager;
			sourceTree = "<group>";
		};
		29F263E0215019850012EFEF = {
			isa = PBXGroup;
			children = (
				29F263EB215019850012EFEF /* MyTwitterApp */,
				29F263EA215019850012EFEF /* Products */,
				6F4B9F5D1C615EBE59C39AB9 /* Pods */,
				0DDBC31A6D2B70450516F273 /* Frameworks */,
			);
			sourceTree = "<group>";
		};
		29F263EA215019850012EFEF /* Products */ = {
			isa = PBXGroup;
			children = (
				29F263E9215019850012EFEF /* MyTwitterApp.app */,
			);
			name = Products;
			sourceTree = "<group>";
		};
		29F263EB215019850012EFEF /* MyTwitterApp */ = {
			isa = PBXGroup;
			children = (
				29F263EC215019850012EFEF /* AppDelegate.swift */,
				2951D48521517BCF0060FBF9 /* ApiManager */,
				29F2640021501A1B0012EFEF /* Controllers */,
				29F2640221501A4D0012EFEF /* View */,
				29F263FF21501A130012EFEF /* ViewModel */,
				29F263FE21501A0C0012EFEF /* Model */,
				29F2640121501A2E0012EFEF /* Supporting Files */,
				29F263F8215019850012EFEF /* Info.plist */,
			);
			path = MyTwitterApp;
			sourceTree = "<group>";
		};
		29F263FE21501A0C0012EFEF /* Model */ = {
			isa = PBXGroup;
			children = (
				2951D48B21517D1D0060FBF9 /* Models.swift */,
			);
			path = Model;
			sourceTree = "<group>";
		};
		29F263FF21501A130012EFEF /* ViewModel */ = {
			isa = PBXGroup;
			children = (
				29F26408215027100012EFEF /* ViewModel.swift */,
			);
			path = ViewModel;
			sourceTree = "<group>";
		};
		29F2640021501A1B0012EFEF /* Controllers */ = {
			isa = PBXGroup;
			children = (
				29F263EE215019850012EFEF /* MapViewController.swift */,
			);
			path = Controllers;
			sourceTree = "<group>";
		};
		29F2640121501A2E0012EFEF /* Supporting Files */ = {
			isa = PBXGroup;
			children = (
				29F263F3215019850012EFEF /* Assets.xcassets */,
				29F263F5215019850012EFEF /* LaunchScreen.storyboard */,
			);
			path = "Supporting Files";
			sourceTree = "<group>";
		};
		29F2640221501A4D0012EFEF /* View */ = {
			isa = PBXGroup;
			children = (
				29DDD2CF21515A3500B44564 /* CalloutView.swift */,
				29DDD2CE21515A3500B44564 /* CalloutView.xib */,
				29F263F0215019850012EFEF /* Main.storyboard */,
				6E8C54E02153B15900AF8C47 /* AnnotationViews.swift */,
			);
			path = View;
			sourceTree = "<group>";
		};
		6F4B9F5D1C615EBE59C39AB9 /* Pods */ = {
			isa = PBXGroup;
			children = (
				317C03C2D3966866C9AA1419 /* Pods-MyTwitterApp.debug.xcconfig */,
				D9C6FA89BC0646BB841D293E /* Pods-MyTwitterApp.release.xcconfig */,
			);
			name = Pods;
			sourceTree = "<group>";
		};
/* End PBXGroup section */

/* Begin PBXNativeTarget section */
		29F263E8215019850012EFEF /* MyTwitterApp */ = {
			isa = PBXNativeTarget;
			buildConfigurationList = 29F263FB215019850012EFEF /* Build configuration list for PBXNativeTarget "MyTwitterApp" */;
			buildPhases = (
				F7D44053B705969FBDB07302 /* [CP] Check Pods Manifest.lock */,
				29F263E5215019850012EFEF /* Sources */,
				29F263E6215019850012EFEF /* Frameworks */,
				29F263E7215019850012EFEF /* Resources */,
				974D8F26BC3A7686FC5A8C76 /* [CP] Embed Pods Frameworks */,
			);
			buildRules = (
			);
			dependencies = (
			);
			name = MyTwitterApp;
			productName = MyTwitterApp;
			productReference = 29F263E9215019850012EFEF /* MyTwitterApp.app */;
			productType = "com.apple.product-type.application";
		};
/* End PBXNativeTarget section */

/* Begin PBXProject section */
		29F263E1215019850012EFEF /* Project object */ = {
			isa = PBXProject;
			attributes = {
				LastSwiftUpdateCheck = 0920;
				LastUpgradeCheck = 0920;
				ORGANIZATIONNAME = iOS;
				TargetAttributes = {
					29F263E8215019850012EFEF = {
						CreatedOnToolsVersion = 9.2;
						ProvisioningStyle = Automatic;
					};
				};
			};
			buildConfigurationList = 29F263E4215019850012EFEF /* Build configuration list for PBXProject "MyTwitterApp" */;
			compatibilityVersion = "Xcode 8.0";
			developmentRegion = en;
			hasScannedForEncodings = 0;
			knownRegions = (
				en,
				Base,
			);
			mainGroup = 29F263E0215019850012EFEF;
			productRefGroup = 29F263EA215019850012EFEF /* Products */;
			projectDirPath = "";
			projectRoot = "";
			targets = (
				29F263E8215019850012EFEF /* MyTwitterApp */,
			);
		};
/* End PBXProject section */

/* Begin PBXResourcesBuildPhase section */
		29F263E7215019850012EFEF /* Resources */ = {
			isa = PBXResourcesBuildPhase;
			buildActionMask = 2147483647;
			files = (
				29F263F7215019850012EFEF /* LaunchScreen.storyboard in Resources */,
				29F263F4215019850012EFEF /* Assets.xcassets in Resources */,
				29F263F2215019850012EFEF /* Main.storyboard in Resources */,
				29DDD2D021515A3500B44564 /* CalloutView.xib in Resources */,
			);
			runOnlyForDeploymentPostprocessing = 0;
		};
/* End PBXResourcesBuildPhase section */

/* Begin PBXShellScriptBuildPhase section */
		974D8F26BC3A7686FC5A8C76 /* [CP] Embed Pods Frameworks */ = {
			isa = PBXShellScriptBuildPhase;
			buildActionMask = 2147483647;
			files = (
			);
			inputPaths = (
				"${SRCROOT}/Pods/Target Support Files/Pods-MyTwitterApp/Pods-MyTwitterApp-frameworks.sh",
				"${BUILT_PRODUCTS_DIR}/Alamofire/Alamofire.framework",
				"${BUILT_PRODUCTS_DIR}/OAuthSwift/OAuthSwift.framework",
				"${BUILT_PRODUCTS_DIR}/OAuthSwiftAlamofire/OAuthSwiftAlamofire.framework",
			);
			name = "[CP] Embed Pods Frameworks";
			outputPaths = (
				"${TARGET_BUILD_DIR}/${FRAMEWORKS_FOLDER_PATH}/Alamofire.framework",
				"${TARGET_BUILD_DIR}/${FRAMEWORKS_FOLDER_PATH}/OAuthSwift.framework",
				"${TARGET_BUILD_DIR}/${FRAMEWORKS_FOLDER_PATH}/OAuthSwiftAlamofire.framework",
			);
			runOnlyForDeploymentPostprocessing = 0;
			shellPath = /bin/sh;
			shellScript = "\"${SRCROOT}/Pods/Target Support Files/Pods-MyTwitterApp/Pods-MyTwitterApp-frameworks.sh\"\n";
			showEnvVarsInLog = 0;
		};
		F7D44053B705969FBDB07302 /* [CP] Check Pods Manifest.lock */ = {
			isa = PBXShellScriptBuildPhase;
			buildActionMask = 2147483647;
			files = (
			);
			inputPaths = (
				"${PODS_PODFILE_DIR_PATH}/Podfile.lock",
				"${PODS_ROOT}/Manifest.lock",
			);
			name = "[CP] Check Pods Manifest.lock";
			outputPaths = (
				"$(DERIVED_FILE_DIR)/Pods-MyTwitterApp-checkManifestLockResult.txt",
			);
			runOnlyForDeploymentPostprocessing = 0;
			shellPath = /bin/sh;
			shellScript = "diff \"${PODS_PODFILE_DIR_PATH}/Podfile.lock\" \"${PODS_ROOT}/Manifest.lock\" > /dev/null\nif [ $? != 0 ] ; then\n    # print error to STDERR\n    echo \"error: The sandbox is not in sync with the Podfile.lock. Run 'pod install' or update your CocoaPods installation.\" >&2\n    exit 1\nfi\n# This output is used by Xcode 'outputs' to avoid re-running this script phase.\necho \"SUCCESS\" > \"${SCRIPT_OUTPUT_FILE_0}\"\n";
			showEnvVarsInLog = 0;
		};
/* End PBXShellScriptBuildPhase section */

/* Begin PBXSourcesBuildPhase section */
		29F263E5215019850012EFEF /* Sources */ = {
			isa = PBXSourcesBuildPhase;
			buildActionMask = 2147483647;
			files = (
				6E8C54E12153B15900AF8C47 /* AnnotationViews.swift in Sources */,
				2951D48721517BD00060FBF9 /* ApiManger.swift in Sources */,
				29F26409215027100012EFEF /* ViewModel.swift in Sources */,
				29F263EF215019850012EFEF /* MapViewController.swift in Sources */,
				29F263ED215019850012EFEF /* AppDelegate.swift in Sources */,
				29DDD2D121515A3500B44564 /* CalloutView.swift in Sources */,
				2951D48C21517D1D0060FBF9 /* Models.swift in Sources */,
			);
			runOnlyForDeploymentPostprocessing = 0;
		};
/* End PBXSourcesBuildPhase section */

/* Begin PBXVariantGroup section */
		29F263F0215019850012EFEF /* Main.storyboard */ = {
			isa = PBXVariantGroup;
			children = (
				29F263F1215019850012EFEF /* Base */,
			);
			name = Main.storyboard;
			sourceTree = "<group>";
		};
		29F263F5215019850012EFEF /* LaunchScreen.storyboard */ = {
			isa = PBXVariantGroup;
			children = (
				29F263F6215019850012EFEF /* Base */,
			);
			name = LaunchScreen.storyboard;
			sourceTree = "<group>";
		};
/* End PBXVariantGroup section */

/* Begin XCBuildConfiguration section */
		29F263F9215019850012EFEF /* Debug */ = {
			isa = XCBuildConfiguration;
			buildSettings = {
				ALWAYS_SEARCH_USER_PATHS = NO;
				CLANG_ANALYZER_NONNULL = YES;
				CLANG_ANALYZER_NUMBER_OBJECT_CONVERSION = YES_AGGRESSIVE;
				CLANG_CXX_LANGUAGE_STANDARD = "gnu++14";
				CLANG_CXX_LIBRARY = "libc++";
				CLANG_ENABLE_MODULES = YES;
				CLANG_ENABLE_OBJC_ARC = YES;
				CLANG_WARN_BLOCK_CAPTURE_AUTORELEASING = YES;
				CLANG_WARN_BOOL_CONVERSION = YES;
				CLANG_WARN_COMMA = YES;
				CLANG_WARN_CONSTANT_CONVERSION = YES;
				CLANG_WARN_DIRECT_OBJC_ISA_USAGE = YES_ERROR;
				CLANG_WARN_DOCUMENTATION_COMMENTS = YES;
				CLANG_WARN_EMPTY_BODY = YES;
				CLANG_WARN_ENUM_CONVERSION = YES;
				CLANG_WARN_INFINITE_RECURSION = YES;
				CLANG_WARN_INT_CONVERSION = YES;
				CLANG_WARN_NON_LITERAL_NULL_CONVERSION = YES;
				CLANG_WARN_OBJC_LITERAL_CONVERSION = YES;
				CLANG_WARN_OBJC_ROOT_CLASS = YES_ERROR;
				CLANG_WARN_RANGE_LOOP_ANALYSIS = YES;
				CLANG_WARN_STRICT_PROTOTYPES = YES;
				CLANG_WARN_SUSPICIOUS_MOVE = YES;
				CLANG_WARN_UNGUARDED_AVAILABILITY = YES_AGGRESSIVE;
				CLANG_WARN_UNREACHABLE_CODE = YES;
				CLANG_WARN__DUPLICATE_METHOD_MATCH = YES;
				CODE_SIGN_IDENTITY = "iPhone Developer";
				COPY_PHASE_STRIP = NO;
				DEBUG_INFORMATION_FORMAT = dwarf;
				ENABLE_STRICT_OBJC_MSGSEND = YES;
				ENABLE_TESTABILITY = YES;
				GCC_C_LANGUAGE_STANDARD = gnu11;
				GCC_DYNAMIC_NO_PIC = NO;
				GCC_NO_COMMON_BLOCKS = YES;
				GCC_OPTIMIZATION_LEVEL = 0;
				GCC_PREPROCESSOR_DEFINITIONS = (
					"DEBUG=1",
					"$(inherited)",
				);
				GCC_WARN_64_TO_32_BIT_CONVERSION = YES;
				GCC_WARN_ABOUT_RETURN_TYPE = YES_ERROR;
				GCC_WARN_UNDECLARED_SELECTOR = YES;
				GCC_WARN_UNINITIALIZED_AUTOS = YES_AGGRESSIVE;
				GCC_WARN_UNUSED_FUNCTION = YES;
				GCC_WARN_UNUSED_VARIABLE = YES;
				IPHONEOS_DEPLOYMENT_TARGET = 11.2;
				MTL_ENABLE_DEBUG_INFO = YES;
				ONLY_ACTIVE_ARCH = YES;
				SDKROOT = iphoneos;
				SWIFT_ACTIVE_COMPILATION_CONDITIONS = DEBUG;
				SWIFT_OPTIMIZATION_LEVEL = "-Onone";
			};
			name = Debug;
		};
		29F263FA215019850012EFEF /* Release */ = {
			isa = XCBuildConfiguration;
			buildSettings = {
				ALWAYS_SEARCH_USER_PATHS = NO;
				CLANG_ANALYZER_NONNULL = YES;
				CLANG_ANALYZER_NUMBER_OBJECT_CONVERSION = YES_AGGRESSIVE;
				CLANG_CXX_LANGUAGE_STANDARD = "gnu++14";
				CLANG_CXX_LIBRARY = "libc++";
				CLANG_ENABLE_MODULES = YES;
				CLANG_ENABLE_OBJC_ARC = YES;
				CLANG_WARN_BLOCK_CAPTURE_AUTORELEASING = YES;
				CLANG_WARN_BOOL_CONVERSION = YES;
				CLANG_WARN_COMMA = YES;
				CLANG_WARN_CONSTANT_CONVERSION = YES;
				CLANG_WARN_DIRECT_OBJC_ISA_USAGE = YES_ERROR;
				CLANG_WARN_DOCUMENTATION_COMMENTS = YES;
				CLANG_WARN_EMPTY_BODY = YES;
				CLANG_WARN_ENUM_CONVERSION = YES;
				CLANG_WARN_INFINITE_RECURSION = YES;
				CLANG_WARN_INT_CONVERSION = YES;
				CLANG_WARN_NON_LITERAL_NULL_CONVERSION = YES;
				CLANG_WARN_OBJC_LITERAL_CONVERSION = YES;
				CLANG_WARN_OBJC_ROOT_CLASS = YES_ERROR;
				CLANG_WARN_RANGE_LOOP_ANALYSIS = YES;
				CLANG_WARN_STRICT_PROTOTYPES = YES;
				CLANG_WARN_SUSPICIOUS_MOVE = YES;
				CLANG_WARN_UNGUARDED_AVAILABILITY = YES_AGGRESSIVE;
				CLANG_WARN_UNREACHABLE_CODE = YES;
				CLANG_WARN__DUPLICATE_METHOD_MATCH = YES;
				CODE_SIGN_IDENTITY = "iPhone Developer";
				COPY_PHASE_STRIP = NO;
				DEBUG_INFORMATION_FORMAT = "dwarf-with-dsym";
				ENABLE_NS_ASSERTIONS = NO;
				ENABLE_STRICT_OBJC_MSGSEND = YES;
				GCC_C_LANGUAGE_STANDARD = gnu11;
				GCC_NO_COMMON_BLOCKS = YES;
				GCC_WARN_64_TO_32_BIT_CONVERSION = YES;
				GCC_WARN_ABOUT_RETURN_TYPE = YES_ERROR;
				GCC_WARN_UNDECLARED_SELECTOR = YES;
				GCC_WARN_UNINITIALIZED_AUTOS = YES_AGGRESSIVE;
				GCC_WARN_UNUSED_FUNCTION = YES;
				GCC_WARN_UNUSED_VARIABLE = YES;
				IPHONEOS_DEPLOYMENT_TARGET = 11.2;
				MTL_ENABLE_DEBUG_INFO = NO;
				SDKROOT = iphoneos;
				SWIFT_OPTIMIZATION_LEVEL = "-Owholemodule";
				VALIDATE_PRODUCT = YES;
			};
			name = Release;
		};
		29F263FC215019850012EFEF /* Debug */ = {
			isa = XCBuildConfiguration;
			baseConfigurationReference = 317C03C2D3966866C9AA1419 /* Pods-MyTwitterApp.debug.xcconfig */;
			buildSettings = {
				ASSETCATALOG_COMPILER_APPICON_NAME = AppIcon;
				CODE_SIGN_STYLE = Automatic;
				DEVELOPMENT_TEAM = X8H35G82YY;
				INFOPLIST_FILE = MyTwitterApp/Info.plist;
				LD_RUNPATH_SEARCH_PATHS = "$(inherited) @executable_path/Frameworks";
				PRODUCT_BUNDLE_IDENTIFIER = com.iOS.MyTwitterApp;
				PRODUCT_NAME = "$(TARGET_NAME)";
				SWIFT_VERSION = 4.0;
				TARGETED_DEVICE_FAMILY = "1,2";
			};
			name = Debug;
		};
		29F263FD215019850012EFEF /* Release */ = {
			isa = XCBuildConfiguration;
			baseConfigurationReference = D9C6FA89BC0646BB841D293E /* Pods-MyTwitterApp.release.xcconfig */;
			buildSettings = {
				ASSETCATALOG_COMPILER_APPICON_NAME = AppIcon;
				CODE_SIGN_STYLE = Automatic;
				DEVELOPMENT_TEAM = X8H35G82YY;
				INFOPLIST_FILE = MyTwitterApp/Info.plist;
				LD_RUNPATH_SEARCH_PATHS = "$(inherited) @executable_path/Frameworks";
				PRODUCT_BUNDLE_IDENTIFIER = com.iOS.MyTwitterApp;
				PRODUCT_NAME = "$(TARGET_NAME)";
				SWIFT_VERSION = 4.0;
				TARGETED_DEVICE_FAMILY = "1,2";
			};
			name = Release;
		};
/* End XCBuildConfiguration section */

/* Begin XCConfigurationList section */
		29F263E4215019850012EFEF /* Build configuration list for PBXProject "MyTwitterApp" */ = {
			isa = XCConfigurationList;
			buildConfigurations = (
				29F263F9215019850012EFEF /* Debug */,
				29F263FA215019850012EFEF /* Release */,
			);
			defaultConfigurationIsVisible = 0;
			defaultConfigurationName = Release;
		};
		29F263FB215019850012EFEF /* Build configuration list for PBXNativeTarget "MyTwitterApp" */ = {
			isa = XCConfigurationList;
			buildConfigurations = (
				29F263FC215019850012EFEF /* Debug */,
				29F263FD215019850012EFEF /* Release */,
			);
			defaultConfigurationIsVisible = 0;
			defaultConfigurationName = Release;
		};
/* End XCConfigurationList section */
	};
	rootObject = 29F263E1215019850012EFEF /* Project object */;
}
